lockfileVersion: '9.0'

settings:
  autoInstallPeers: true
  excludeLinksFromLockfile: false

importers:

  .:
    dependencies:
      '@upstash/redis':
        specifier: ^1.38.0
        version: 1.38.0
      opentype.js:
        specifier: ^2.0.0
        version: 2.0.0
      react:
        specifier: ^19.2.7
        version: 19.2.7
      react-dom:
        specifier: ^19.2.6
        version: 19.2.6(react@19.2.7)
      redis:
        specifier: ^5.12.1
        version: 5.12.1

packages:

  '@redis/bloom@5.12.1':
    resolution: {integrity: sha512-PUUfv+ms7jgPSBVoo/DN4AkPHj4D5TZSd6SbJX7egzBplkYUcKmHRE8RKia7UtZ8bSQbLguLvxVO+asKtQfZWA==}
    engines: {node: '>= 18.19.0'}
    peerDependencies:
      '@redis/client': ^5.12.1

  '@redis/client@5.12.1':
    resolution: {integrity: sha512-7aPGWeqA3uFm43o19umzdl16CEjK/JQGtSXVPevplTaOU3VJA/rseBC1QvYUz9lLDIMBimc4SW/zrW4S89BaCA==}
    engines: {node: '>= 18.19.0'}
    peerDependencies:
      '@node-rs/xxhash': ^1.1.0
      '@opentelemetry/api': '>=1 <2'
    peerDependenciesMeta:
      '@node-rs/xxhash':
        optional: true
      '@opentelemetry/api':
        optional: true

  '@redis/json@5.12.1':
    resolution: {integrity: sha512-eOze75esLve4vfqDel7aMX08CNaiLLQS2fV8mpRN9NxPe1rVR4vQyYiW/OgtGUysF6QOr9ANhfxABKNOJfXdKg==}
    engines: {node: '>= 18.19.0'}
    peerDependencies:
      '@redis/client': ^5.12.1

  '@redis/search@5.12.1':
    resolution: {integrity: sha512-ItlxbxC9cKI6IU1TLWoczwJCRb6TdmkEpWv05UrPawqaAnWGRu3rcIqsc5vN483T2fSociuyV1UkWIL5I4//2w==}
    engines: {node: '>= 18.19.0'}
    peerDependencies:
      '@redis/client': ^5.12.1

  '@redis/time-series@5.12.1':
    resolution: {integrity: sha512-c6JL6E3EcZJuNqKFz+KM+l9l5mpcQiKvTwgA3blt5glWJ8hjDk0yeHN3beE/MpqYIQ8UEX44ItQzgkE/gCBELQ==}
    engines: {node: '>= 18.19.0'}
    peerDependencies:
      '@redis/client': ^5.12.1

  '@upstash/redis@1.38.0':
    resolution: {integrity: sha512-wu+dZBptlLy0+MCUEoHmzrY/TnmgDey3+c7EbIGwrLqAvkP8yi5MWZHYGIFtAygmL4Bkz2TdFu+eU0vFPncIcg==}

  cluster-key-slot@1.1.2:
    resolution: {integrity: sha512-RMr0FhtfXemyinomL4hrWcYJxmX6deFdCxpJzhDttxgO1+bcCnkk+9drydLVDmAMG7NE6aN/fl4F7ucU/90gAA==}
    engines: {node: '>=0.10.0'}

  opentype.js@2.0.0:
    resolution: {integrity: sha512-kCyjv6xdDY1W/jLWZ/L3QhhTlKUqDZMQ5+Jdlw12b3dXkKNpYBqqlMMj0YDQPShWFTMwgZI1hG14kN3XUDSg/A==}
    hasBin: true

  react-dom@19.2.6:
    resolution: {integrity: sha512-0prMI+hvBbPjsWnxDLxlCGyM8PN6UuWjEUCYmZhO67xIV9Xasa/r/vDnq+Xyq4Lo27g8QSbO5YzARu0D1Sps3g==}
    peerDependencies:
      react: ^19.2.6

  react@19.2.7:
    resolution: {integrity: sha512-HNe9WslTbXmFK8o8cmwgAeJFSBvt1bPdHCVKtaaV+WlAN36mpT4hcRpwbf3fY56ar2oIXzsBpOAiIRHAdY0OlQ==}
    engines: {node: '>=0.10.0'}

  redis@5.12.1:
    resolution: {integrity: sha512-LDsoVvb/CpoV9EN3FXvgvSHNJWuCIzl9MiO3ppOevuGLpSGJhwfQjpEwfFJcQvNSddHADDdZaWx0HnmMxRXG7g==}
    engines: {node: '>= 18.19.0'}

  scheduler@0.27.0:
    resolution: {integrity: sha512-eNv+WrVbKu1f3vbYJT/xtiF5syA5HPIMtf9IgY/nKg0sWqzAUEvqY/xm7OcZc/qafLx/iO9FgOmeSAp4v5ti/Q==}

  uncrypto@0.1.3:
    resolution: {integrity: sha512-Ql87qFHB3s/De2ClA9e0gsnS6zXG27SkTiSJwjCc9MebbfapQfuPzumMIUMi38ezPZVNFcHI9sUIepeQfw8J8Q==}

snapshots:

  '@redis/bloom@5.12.1(@redis/client@5.12.1)':
    dependencies:
      '@redis/client': 5.12.1

  '@redis/client@5.12.1':
    dependencies:
      cluster-key-slot: 1.1.2

  '@redis/json@5.12.1(@redis/client@5.12.1)':
    dependencies:
      '@redis/client': 5.12.1

  '@redis/search@5.12.1(@redis/client@5.12.1)':
    dependencies:
      '@redis/client': 5.12.1

  '@redis/time-series@5.12.1(@redis/client@5.12.1)':
    dependencies:
      '@redis/client': 5.12.1

  '@upstash/redis@1.38.0':
    dependencies:
      uncrypto: 0.1.3

  cluster-key-slot@1.1.2: {}

  opentype.js@2.0.0: {}

  react-dom@19.2.6(react@19.2.7):
    dependencies:
      react: 19.2.7
      scheduler: 0.27.0

  react@19.2.7: {}

  redis@5.12.1:
    dependencies:
      '@redis/bloom': 5.12.1(@redis/client@5.12.1)
      '@redis/client': 5.12.1
      '@redis/json': 5.12.1(@redis/client@5.12.1)
      '@redis/search': 5.12.1(@redis/client@5.12.1)
      '@redis/time-series': 5.12.1(@redis/client@5.12.1)
    transitivePeerDependencies:
      - '@node-rs/xxhash'
      - '@opentelemetry/api'

  scheduler@0.27.0: {}

  uncrypto@0.1.3: {}
